
Microsoft Visual Studio Solution File, Format Version 11.00
# Visual Studio 2010
Project("{FAE04EC0-301F-11D3-BF4B-00C04F79EFBC}") = "ControlsBox", "WPF\ControlsBox\ControlsBox.csproj", "{30C3617A-FA0D-41E8-9B00-CBD72C90DE78}"
EndProject
Project("{2150E333-8FDC-42A3-9474-1A3956D46DE8}") = "WPFWindow", "WPFWindow", "{D7E97E82-F00E-4B6E-82D2-C91507D605C9}"
EndProject
Project("{FAE04EC0-301F-11D3-BF4B-00C04F79EFBC}") = "CustomWindow", "WPFWindow\CustomWindow\CustomWindow.csproj", "{2E8EFE10-ADF4-4B4F-B324-AA79021E39BD}"
EndProject
Project("{FAE04EC0-301F-11D3-BF4B-00C04F79EFBC}") = "CustomWindowDemo", "WPFWindow\CustomWindowDemo\CustomWindowDemo.csproj", "{8AE7D9C2-3B8A-474E-BAF7-86DAD4294358}"
EndProject
Global
	GlobalSection(SolutionConfigurationPlatforms) = preSolution
		Debug|Any CPU = Debug|Any CPU
		Debug|Mixed Platforms = Debug|Mixed Platforms
		Release|Any CPU = Release|Any CPU
		Release|Mixed Platforms = Release|Mixed Platforms
	EndGlobalSection
	GlobalSection(ProjectConfigurationPlatforms) = postSolution
		{30C3617A-FA0D-41E8-9B00-CBD72C90DE78}.Debug|Any CPU.ActiveCfg = Debug|Any CPU
		{30C3617A-FA0D-41E8-9B00-CBD72C90DE78}.Debug|Any CPU.Build.0 = Debug|Any CPU
		{30C3617A-FA0D-41E8-9B00-CBD72C90DE78}.Debug|Mixed Platforms.ActiveCfg = Debug|Any CPU
		{30C3617A-FA0D-41E8-9B00-CBD72C90DE78}.Debug|Mixed Platforms.Build.0 = Debug|Any CPU
		{30C3617A-FA0D-41E8-9B00-CBD72C90DE78}.Release|Any CPU.ActiveCfg = Release|Any CPU
		{30C3617A-FA0D-41E8-9B00-CBD72C90DE78}.Release|Any CPU.Build.0 = Release|Any CPU
		{30C3617A-FA0D-41E8-9B00-CBD72C90DE78}.Release|Mixed Platforms.ActiveCfg = Release|Any CPU
		{30C3617A-FA0D-41E8-9B00-CBD72C90DE78}.Release|Mixed Platforms.Build.0 = Release|Any CPU
		{2E8EFE10-ADF4-4B4F-B324-AA79021E39BD}.Debug|Any CPU.ActiveCfg = Debug|Any CPU
		{2E8EFE10-ADF4-4B4F-B324-AA79021E39BD}.Debug|Any CPU.Build.0 = Debug|Any CPU
		{2E8EFE10-ADF4-4B4F-B324-AA79021E39BD}.Debug|Mixed Platforms.ActiveCfg = Debug|Any CPU
		{2E8EFE10-ADF4-4B4F-B324-AA79021E39BD}.Debug|Mixed Platforms.Build.0 = Debug|Any CPU
		{2E8EFE10-ADF4-4B4F-B324-AA79021E39BD}.Release|Any CPU.ActiveCfg = Release|Any CPU
		{2E8EFE10-ADF4-4B4F-B324-AA79021E39BD}.Release|Any CPU.Build.0 = Release|Any CPU
		{2E8EFE10-ADF4-4B4F-B324-AA79021E39BD}.Release|Mixed Platforms.ActiveCfg = Release|Any CPU
		{2E8EFE10-ADF4-4B4F-B324-AA79021E39BD}.Release|Mixed Platforms.Build.0 = Release|Any CPU
		{8AE7D9C2-3B8A-474E-BAF7-86DAD4294358}.Debug|Any CPU.ActiveCfg = Debug|Any CPU
		{8AE7D9C2-3B8A-474E-BAF7-86DAD4294358}.Debug|Any CPU.Build.0 = Debug|Any CPU
		{8AE7D9C2-3B8A-474E-BAF7-86DAD4294358}.Debug|Mixed Platforms.ActiveCfg = Debug|Any CPU
		{8AE7D9C2-3B8A-474E-BAF7-86DAD4294358}.Debug|Mixed Platforms.Build.0 = Debug|Any CPU
		{8AE7D9C2-3B8A-474E-BAF7-86DAD4294358}.Release|Any CPU.ActiveCfg = Release|Any CPU
		{8AE7D9C2-3B8A-474E-BAF7-86DAD4294358}.Release|Any CPU.Build.0 = Release|Any CPU
		{8AE7D9C2-3B8A-474E-BAF7-86DAD4294358}.Release|Mixed Platforms.ActiveCfg = Release|Any CPU
		{8AE7D9C2-3B8A-474E-BAF7-86DAD4294358}.Release|Mixed Platforms.Build.0 = Release|Any CPU
	EndGlobalSection
	GlobalSection(SolutionProperties) = preSolution
		HideSolutionNode = FALSE
	EndGlobalSection
	GlobalSection(NestedProjects) = preSolution
		{2E8EFE10-ADF4-4B4F-B324-AA79021E39BD} = {D7E97E82-F00E-4B6E-82D2-C91507D605C9}
		{8AE7D9C2-3B8A-474E-BAF7-86DAD4294358} = {D7E97E82-F00E-4B6E-82D2-C91507D605C9}
	EndGlobalSection
EndGlobal
